
Microsoft Visual Studio Solution File, Format Version 12.00
# Visual Studio Version 16
VisualStudioVersion = 16.0.30204.135
MinimumVisualStudioVersion = 10.0.40219.1
Project("{FAE04EC0-301F-11D3-BF4B-00C04F79EFBC}") = "BookListRazor", "BookListRazor\BookListRazor.csproj", "{61AC90C1-987E-4D28-A777-4B5453FAB651}"
EndProject
Global
	GlobalSection(SolutionConfigurationPlatforms) = preSolution
		Debug|Any CPU = Debug|Any CPU
		Release|Any CPU = Release|Any CPU
	EndGlobalSection
	GlobalSection(ProjectConfigurationPlatforms) = postSolution
		{61AC90C1-987E-4D28-A777-4B5453FAB651}.Debug|Any CPU.ActiveCfg = Debug|Any CPU
		{61AC90C1-987E-4D28-A777-4B5453FAB651}.Debug|Any CPU.Build.0 = Debug|Any CPU
		{61AC90C1-987E-4D28-A777-4B5453FAB651}.Release|Any CPU.ActiveCfg = Release|Any CPU
		{61AC90C1-987E-4D28-A777-4B5453FAB651}.Release|Any CPU.Build.0 = Release|Any CPU
	EndGlobalSection
	GlobalSection(SolutionProperties) = preSolution
		HideSolutionNode = FALSE
	EndGlobalSection
	GlobalSection(ExtensibilityGlobals) = postSolution
		SolutionGuid = {24725BA3-EFE4-41D6-853D-10C6C2D9162F}
	EndGlobalSection
EndGlobal
